{
    "name": "@loupeteam/librarybuilderproject",
    "version": "0.2.0",
    "lockfileVersion": 3,
    "requires": true,
    "packages": {
        "": {
            "name": "@loupeteam/librarybuilderproject",
            "version": "0.2.0",
            "license": "MIT",
            "dependencies": {
                "@loupeteam/librarybuilderproject": "^0.3.0",
                "@loupeteam/toolbox": "^0.1.0"
            }
        },
        "node_modules/@loupeteam/librarybuilderproject": {
            "version": "0.3.0",
            "resolved": "https://npm.pkg.github.com/download/@loupeteam/librarybuilderproject/0.3.0/9c3c1fc98350439d618573f3b465d94e3ae1e000",
            "integrity": "sha512-kUOwhpPoqQ1DikLGFBH3c8+nsb28ayX2IpQRC0UaEg34cV4GrRoI0FvkSovc3tgrGohpyvxFPRy5C6TM5wj7JA==",
            "license": "MIT"
        },
        "node_modules/@loupeteam/toolbox": {
            "version": "0.1.0",
            "resolved": "https://npm.pkg.github.com/download/@loupeteam/toolbox/0.1.0/dd67bc73a2341071e76e6458ddf58f18119e781f",
            "integrity": "sha512-CIGNPE3yDwVh3/pDKecOegdjnuA00+GEhuPJT4l+tULL0X+KNlJNnV26WQVApEdZOhYFkoMB3U3NAZ/KntKedw==",
            "license": "Loupe Software License Agreement"
        }
    }
}
